// !$*UTF8*$!
{
	archiveVersion = 1;
	classes = {
	};
	objectVersion = 50;
	objects = {

/* Begin PBXBuildFile section */
		A13A83EE265CCF7200E1BF83 /* AppDelegate.swift in Sources */ = {isa = PBXBuildFile; fileRef = A13A83ED265CCF7200E1BF83 /* AppDelegate.swift */; };
		A13A83F0265CCF7200E1BF83 /* SceneDelegate.swift in Sources */ = {isa = PBXBuildFile; fileRef = A13A83EF265CCF7200E1BF83 /* SceneDelegate.swift */; };
		A13A83F2265CCF7200E1BF83 /* ViewController.swift in Sources */ = {isa = PBXBuildFile; fileRef = A13A83F1265CCF7200E1BF83 /* ViewController.swift */; };
		A13A83F5265CCF7200E1BF83 /* Main.storyboard in Resources */ = {isa = PBXBuildFile; fileRef = A13A83F3265CCF7200E1BF83 /* Main.storyboard */; };
		A13A83F7265CCF7300E1BF83 /* Assets.xcassets in Resources */ = {isa = PBXBuildFile; fileRef = A13A83F6265CCF7300E1BF83 /* Assets.xcassets */; };
		A13A83FA265CCF7300E1BF83 /* LaunchScreen.storyboard in Resources */ = {isa = PBXBuildFile; fileRef = A13A83F8265CCF7300E1BF83 /* LaunchScreen.storyboard */; };
		A13A8404265CD1CB00E1BF83 /* images in Resources */ = {isa = PBXBuildFile; fileRef = A13A8402265CD1CB00E1BF83 /* images */; };
		A13A8405265CD1CB00E1BF83 /* sounds in Resources */ = {isa = PBXBuildFile; fileRef = A13A8403265CD1CB00E1BF83 /* sounds */; };
		A13A8408265CD8B300E1BF83 /* Player.swift in Sources */ = {isa = PBXBuildFile; fileRef = A13A8407265CD8B300E1BF83 /* Player.swift */; };
		A13A840B265CD8DD00E1BF83 /* Card.swift in Sources */ = {isa = PBXBuildFile; fileRef = A13A840A265CD8DD00E1BF83 /* Card.swift */; };
		A13A840E265CDB6400E1BF83 /* Shuffle.swift in Sources */ = {isa = PBXBuildFile; fileRef = A13A840D265CDB6400E1BF83 /* Shuffle.swift */; };
		A13A8411265CE01200E1BF83 /* AudioController.swift in Sources */ = {isa = PBXBuildFile; fileRef = A13A8410265CE01200E1BF83 /* AudioController.swift */; };
/* End PBXBuildFile section */

/* Begin PBXFileReference section */
		A13A83EA265CCF7200E1BF83 /* BlackJack.app */ = {isa = PBXFileReference; explicitFileType = wrapper.application; includeInIndex = 0; path = BlackJack.app; sourceTree = BUILT_PRODUCTS_DIR; };
		A13A83ED265CCF7200E1BF83 /* AppDelegate.swift */ = {isa = PBXFileReference; lastKnownFileType = sourcecode.swift; path = AppDelegate.swift; sourceTree = "<group>"; };
		A13A83EF265CCF7200E1BF83 /* SceneDelegate.swift */ = {isa = PBXFileReference; lastKnownFileType = sourcecode.swift; path = SceneDelegate.swift; sourceTree = "<group>"; };
		A13A83F1265CCF7200E1BF83 /* ViewController.swift */ = {isa = PBXFileReference; lastKnownFileType = sourcecode.swift; path = ViewController.swift; sourceTree = "<group>"; };
		A13A83F4265CCF7200E1BF83 /* Base */ = {isa = PBXFileReference; lastKnownFileType = file.storyboard; name = Base; path = Base.lproj/Main.storyboard; sourceTree = "<group>"; };
		A13A83F6265CCF7300E1BF83 /* Assets.xcassets */ = {isa = PBXFileReference; lastKnownFileType = folder.assetcatalog; path = Assets.xcassets; sourceTree = "<group>"; };
		A13A83F9265CCF7300E1BF83 /* Base */ = {isa = PBXFileReference; lastKnownFileType = file.storyboard; name = Base; path = Base.lproj/LaunchScreen.storyboard; sourceTree = "<group>"; };
		A13A83FB265CCF7300E1BF83 /* Info.plist */ = {isa = PBXFileReference; lastKnownFileType = text.plist.xml; path = Info.plist; sourceTree = "<group>"; };
		A13A8402265CD1CB00E1BF83 /* images */ = {isa = PBXFileReference; lastKnownFileType = folder; path = images; sourceTree = "<group>"; };
		A13A8403265CD1CB00E1BF83 /* sounds */ = {isa = PBXFileReference; lastKnownFileType = folder; path = sounds; sourceTree = "<group>"; };
		A13A8407265CD8B300E1BF83 /* Player.swift */ = {isa = PBXFileReference; lastKnownFileType = sourcecode.swift; path = Player.swift; sourceTree = "<group>"; };
		A13A840A265CD8DD00E1BF83 /* Card.swift */ = {isa = PBXFileReference; lastKnownFileType = sourcecode.swift; path = Card.swift; sourceTree = "<group>"; };
		A13A840D265CDB6400E1BF83 /* Shuffle.swift */ = {isa = PBXFileReference; lastKnownFileType = sourcecode.swift; path = Shuffle.swift; sourceTree = "<group>"; };
		A13A8410265CE01200E1BF83 /* AudioController.swift */ = {isa = PBXFileReference; lastKnownFileType = sourcecode.swift; path = AudioController.swift; sourceTree = "<group>"; };
/* End PBXFileReference section */

/* Begin PBXFrameworksBuildPhase section */
		A13A83E7265CCF7200E1BF83 /* Frameworks */ = {
			isa = PBXFrameworksBuildPhase;
			buildActionMask = 2147483647;
			files = (
			);
			runOnlyForDeploymentPostprocessing = 0;
		};
/* End PBXFrameworksBuildPhase section */

/* Begin PBXGroup section */
		A13A83E1265CCF7200E1BF83 = {
			isa = PBXGroup;
			children = (
				A13A83EC265CCF7200E1BF83 /* BlackJack */,
				A13A83EB265CCF7200E1BF83 /* Products */,
			);
			sourceTree = "<group>";
		};
		A13A83EB265CCF7200E1BF83 /* Products */ = {
			isa = PBXGroup;
			children = (
				A13A83EA265CCF7200E1BF83 /* BlackJack.app */,
			);
			name = Products;
			sourceTree = "<group>";
		};
		A13A83EC265CCF7200E1BF83 /* BlackJack */ = {
			isa = PBXGroup;
			children = (
				A13A8402265CD1CB00E1BF83 /* images */,
				A13A8403265CD1CB00E1BF83 /* sounds */,
				A13A83ED265CCF7200E1BF83 /* AppDelegate.swift */,
				A13A83EF265CCF7200E1BF83 /* SceneDelegate.swift */,
				A13A83F1265CCF7200E1BF83 /* ViewController.swift */,
				A13A83F3265CCF7200E1BF83 /* Main.storyboard */,
				A13A83F6265CCF7300E1BF83 /* Assets.xcassets */,
				A13A83F8265CCF7300E1BF83 /* LaunchScreen.storyboard */,
				A13A83FB265CCF7300E1BF83 /* Info.plist */,
				A13A8407265CD8B300E1BF83 /* Player.swift */,
				A13A840A265CD8DD00E1BF83 /* Card.swift */,
				A13A840D265CDB6400E1BF83 /* Shuffle.swift */,
				A13A8410265CE01200E1BF83 /* AudioController.swift */,
			);
			path = BlackJack;
			sourceTree = "<group>";
		};
/* End PBXGroup section */

/* Begin PBXNativeTarget section */
		A13A83E9265CCF7200E1BF83 /* BlackJack */ = {
			isa = PBXNativeTarget;
			buildConfigurationList = A13A83FE265CCF7300E1BF83 /* Build configuration list for PBXNativeTarget "BlackJack" */;
			buildPhases = (
				A13A83E6265CCF7200E1BF83 /* Sources */,
				A13A83E7265CCF7200E1BF83 /* Frameworks */,
				A13A83E8265CCF7200E1BF83 /* Resources */,
			);
			buildRules = (
			);
			dependencies = (
			);
			name = BlackJack;
			productName = BlackJack;
			productReference = A13A83EA265CCF7200E1BF83 /* BlackJack.app */;
			productType = "com.apple.product-type.application";
		};
/* End PBXNativeTarget section */

/* Begin PBXProject section */
		A13A83E2265CCF7200E1BF83 /* Project object */ = {
			isa = PBXProject;
			attributes = {
				LastSwiftUpdateCheck = 1240;
				LastUpgradeCheck = 1240;
				TargetAttributes = {
					A13A83E9265CCF7200E1BF83 = {
						CreatedOnToolsVersion = 12.4;
					};
				};
			};
			buildConfigurationList = A13A83E5265CCF7200E1BF83 /* Build configuration list for PBXProject "BlackJack" */;
			compatibilityVersion = "Xcode 9.3";
			developmentRegion = en;
			hasScannedForEncodings = 0;
			knownRegions = (
				en,
				Base,
			);
			mainGroup = A13A83E1265CCF7200E1BF83;
			productRefGroup = A13A83EB265CCF7200E1BF83 /* Products */;
			projectDirPath = "";
			projectRoot = "";
			targets = (
				A13A83E9265CCF7200E1BF83 /* BlackJack */,
			);
		};
/* End PBXProject section */

/* Begin PBXResourcesBuildPhase section */
		A13A83E8265CCF7200E1BF83 /* Resources */ = {
			isa = PBXResourcesBuildPhase;
			buildActionMask = 2147483647;
			files = (
				A13A8405265CD1CB00E1BF83 /* sounds in Resources */,
				A13A8404265CD1CB00E1BF83 /* images in Resources */,
				A13A83FA265CCF7300E1BF83 /* LaunchScreen.storyboard in Resources */,
				A13A83F7265CCF7300E1BF83 /* Assets.xcassets in Resources */,
				A13A83F5265CCF7200E1BF83 /* Main.storyboard in Resources */,
			);
			runOnlyForDeploymentPostprocessing = 0;
		};
/* End PBXResourcesBuildPhase section */

/* Begin PBXSourcesBuildPhase section */
		A13A83E6265CCF7200E1BF83 /* Sources */ = {
			isa = PBXSourcesBuildPhase;
			buildActionMask = 2147483647;
			files = (
				A13A8411265CE01200E1BF83 /* AudioController.swift in Sources */,
				A13A8408265CD8B300E1BF83 /* Player.swift in Sources */,
				A13A840E265CDB6400E1BF83 /* Shuffle.swift in Sources */,
				A13A83F2265CCF7200E1BF83 /* ViewController.swift in Sources */,
				A13A840B265CD8DD00E1BF83 /* Card.swift in Sources */,
				A13A83EE265CCF7200E1BF83 /* AppDelegate.swift in Sources */,
				A13A83F0265CCF7200E1BF83 /* SceneDelegate.swift in Sources */,
			);
			runOnlyForDeploymentPostprocessing = 0;
		};
/* End PBXSourcesBuildPhase section */

/* Begin PBXVariantGroup section */
		A13A83F3265CCF7200E1BF83 /* Main.storyboard */ = {
			isa = PBXVariantGroup;
			children = (
				A13A83F4265CCF7200E1BF83 /* Base */,
			);
			name = Main.storyboard;
			sourceTree = "<group>";
		};
		A13A83F8265CCF7300E1BF83 /* LaunchScreen.storyboard */ = {
			isa = PBXVariantGroup;
			children = (
				A13A83F9265CCF7300E1BF83 /* Base */,
			);
			name = LaunchScreen.storyboard;
			sourceTree = "<group>";
		};
/* End PBXVariantGroup section */

/* Begin XCBuildConfiguration section */
		A13A83FC265CCF7300E1BF83 /* Debug */ = {
			isa = XCBuildConfiguration;
			buildSettings = {
				ALWAYS_SEARCH_USER_PATHS = NO;
				CLANG_ANALYZER_NONNULL = YES;
				CLANG_ANALYZER_NUMBER_OBJECT_CONVERSION = YES_AGGRESSIVE;
				CLANG_CXX_LANGUAGE_STANDARD = "gnu++14";
				CLANG_CXX_LIBRARY = "libc++";
				CLANG_ENABLE_MODULES = YES;
				CLANG_ENABLE_OBJC_ARC = YES;
				CLANG_ENABLE_OBJC_WEAK = YES;
				CLANG_WARN_BLOCK_CAPTURE_AUTORELEASING = YES;
				CLANG_WARN_BOOL_CONVERSION = YES;
				CLANG_WARN_COMMA = YES;
				CLANG_WARN_CONSTANT_CONVERSION = YES;
				CLANG_WARN_DEPRECATED_OBJC_IMPLEMENTATIONS = YES;
				CLANG_WARN_DIRECT_OBJC_ISA_USAGE = YES_ERROR;
				CLANG_WARN_DOCUMENTATION_COMMENTS = YES;
				CLANG_WARN_EMPTY_BODY = YES;
				CLANG_WARN_ENUM_CONVERSION = YES;
				CLANG_WARN_INFINITE_RECURSION = YES;
				CLANG_WARN_INT_CONVERSION = YES;
				CLANG_WARN_NON_LITERAL_NULL_CONVERSION = YES;
				CLANG_WARN_OBJC_IMPLICIT_RETAIN_SELF = YES;
				CLANG_WARN_OBJC_LITERAL_CONVERSION = YES;
				CLANG_WARN_OBJC_ROOT_CLASS = YES_ERROR;
				CLANG_WARN_QUOTED_INCLUDE_IN_FRAMEWORK_HEADER = YES;
				CLANG_WARN_RANGE_LOOP_ANALYSIS = YES;
				CLANG_WARN_STRICT_PROTOTYPES = YES;
				CLANG_WARN_SUSPICIOUS_MOVE = YES;
				CLANG_WARN_UNGUARDED_AVAILABILITY = YES_AGGRESSIVE;
				CLANG_WARN_UNREACHABLE_CODE = YES;
				CLANG_WARN__DUPLICATE_METHOD_MATCH = YES;
				COPY_PHASE_STRIP = NO;
				DEBUG_INFORMATION_FORMAT = dwarf;
				ENABLE_STRICT_OBJC_MSGSEND = YES;
				ENABLE_TESTABILITY = YES;
				GCC_C_LANGUAGE_STANDARD = gnu11;
				GCC_DYNAMIC_NO_PIC = NO;
				GCC_NO_COMMON_BLOCKS = YES;
				GCC_OPTIMIZATION_LEVEL = 0;
				GCC_PREPROCESSOR_DEFINITIONS = (
					"DEBUG=1",
					"$(inherited)",
				);
				GCC_WARN_64_TO_32_BIT_CONVERSION = YES;
				GCC_WARN_ABOUT_RETURN_TYPE = YES_ERROR;
				GCC_WARN_UNDECLARED_SELECTOR = YES;
				GCC_WARN_UNINITIALIZED_AUTOS = YES_AGGRESSIVE;
				GCC_WARN_UNUSED_FUNCTION = YES;
				GCC_WARN_UNUSED_VARIABLE = YES;
				IPHONEOS_DEPLOYMENT_TARGET = 14.4;
				MTL_ENABLE_DEBUG_INFO = INCLUDE_SOURCE;
				MTL_FAST_MATH = YES;
				ONLY_ACTIVE_ARCH = YES;
				SDKROOT = iphoneos;
				SWIFT_ACTIVE_COMPILATION_CONDITIONS = DEBUG;
				SWIFT_OPTIMIZATION_LEVEL = "-Onone";
			};
			name = Debug;
		};
		A13A83FD265CCF7300E1BF83 /* Release */ = {
			isa = XCBuildConfiguration;
			buildSettings = {
				ALWAYS_SEARCH_USER_PATHS = NO;
				CLANG_ANALYZER_NONNULL = YES;
				CLANG_ANALYZER_NUMBER_OBJECT_CONVERSION = YES_AGGRESSIVE;
				CLANG_CXX_LANGUAGE_STANDARD = "gnu++14";
				CLANG_CXX_LIBRARY = "libc++";
				CLANG_ENABLE_MODULES = YES;
				CLANG_ENABLE_OBJC_ARC = YES;
				CLANG_ENABLE_OBJC_WEAK = YES;
				CLANG_WARN_BLOCK_CAPTURE_AUTORELEASING = YES;
				CLANG_WARN_BOOL_CONVERSION = YES;
				CLANG_WARN_COMMA = YES;
				CLANG_WARN_CONSTANT_CONVERSION = YES;
				CLANG_WARN_DEPRECATED_OBJC_IMPLEMENTATIONS = YES;
				CLANG_WARN_DIRECT_OBJC_ISA_USAGE = YES_ERROR;
				CLANG_WARN_DOCUMENTATION_COMMENTS = YES;
				CLANG_WARN_EMPTY_BODY = YES;
				CLANG_WARN_ENUM_CONVERSION = YES;
				CLANG_WARN_INFINITE_RECURSION = YES;
				CLANG_WARN_INT_CONVERSION = YES;
				CLANG_WARN_NON_LITERAL_NULL_CONVERSION = YES;
				CLANG_WARN_OBJC_IMPLICIT_RETAIN_SELF = YES;
				CLANG_WARN_OBJC_LITERAL_CONVERSION = YES;
				CLANG_WARN_OBJC_ROOT_CLASS = YES_ERROR;
				CLANG_WARN_QUOTED_INCLUDE_IN_FRAMEWORK_HEADER = YES;
				CLANG_WARN_RANGE_LOOP_ANALYSIS = YES;
				CLANG_WARN_STRICT_PROTOTYPES = YES;
				CLANG_WARN_SUSPICIOUS_MOVE = YES;
				CLANG_WARN_UNGUARDED_AVAILABILITY = YES_AGGRESSIVE;
				CLANG_WARN_UNREACHABLE_CODE = YES;
				CLANG_WARN__DUPLICATE_METHOD_MATCH = YES;
				COPY_PHASE_STRIP = NO;
				DEBUG_INFORMATION_FORMAT = "dwarf-with-dsym";
				ENABLE_NS_ASSERTIONS = NO;
				ENABLE_STRICT_OBJC_MSGSEND = YES;
				GCC_C_LANGUAGE_STANDARD = gnu11;
				GCC_NO_COMMON_BLOCKS = YES;
				GCC_WARN_64_TO_32_BIT_CONVERSION = YES;
				GCC_WARN_ABOUT_RETURN_TYPE = YES_ERROR;
				GCC_WARN_UNDECLARED_SELECTOR = YES;
				GCC_WARN_UNINITIALIZED_AUTOS = YES_AGGRESSIVE;
				GCC_WARN_UNUSED_FUNCTION = YES;
				GCC_WARN_UNUSED_VARIABLE = YES;
				IPHONEOS_DEPLOYMENT_TARGET = 14.4;
				MTL_ENABLE_DEBUG_INFO = NO;
				MTL_FAST_MATH = YES;
				SDKROOT = iphoneos;
				SWIFT_COMPILATION_MODE = wholemodule;
				SWIFT_OPTIMIZATION_LEVEL = "-O";
				VALIDATE_PRODUCT = YES;
			};
			name = Release;
		};
		A13A83FF265CCF7300E1BF83 /* Debug */ = {
			isa = XCBuildConfiguration;
			buildSettings = {
				ASSETCATALOG_COMPILER_APPICON_NAME = AppIcon;
				ASSETCATALOG_COMPILER_GLOBAL_ACCENT_COLOR_NAME = AccentColor;
				CODE_SIGN_STYLE = Automatic;
				DEVELOPMENT_TEAM = AVY9TR9LUC;
				INFOPLIST_FILE = BlackJack/Info.plist;
				LD_RUNPATH_SEARCH_PATHS = (
					"$(inherited)",
					"@executable_path/Frameworks",
				);
				PRODUCT_BUNDLE_IDENTIFIER = Joon.2021class.BlackJack;
				PRODUCT_NAME = "$(TARGET_NAME)";
				SWIFT_VERSION = 5.0;
				TARGETED_DEVICE_FAMILY = "1,2";
			};
			name = Debug;
		};
		A13A8400265CCF7300E1BF83 /* Release */ = {
			isa = XCBuildConfiguration;
			buildSettings = {
				ASSETCATALOG_COMPILER_APPICON_NAME = AppIcon;
				ASSETCATALOG_COMPILER_GLOBAL_ACCENT_COLOR_NAME = AccentColor;
				CODE_SIGN_STYLE = Automatic;
				DEVELOPMENT_TEAM = AVY9TR9LUC;
				INFOPLIST_FILE = BlackJack/Info.plist;
				LD_RUNPATH_SEARCH_PATHS = (
					"$(inherited)",
					"@executable_path/Frameworks",
				);
				PRODUCT_BUNDLE_IDENTIFIER = Joon.2021class.BlackJack;
				PRODUCT_NAME = "$(TARGET_NAME)";
				SWIFT_VERSION = 5.0;
				TARGETED_DEVICE_FAMILY = "1,2";
			};
			name = Release;
		};
/* End XCBuildConfiguration section */

/* Begin XCConfigurationList section */
		A13A83E5265CCF7200E1BF83 /* Build configuration list for PBXProject "BlackJack" */ = {
			isa = XCConfigurationList;
			buildConfigurations = (
				A13A83FC265CCF7300E1BF83 /* Debug */,
				A13A83FD265CCF7300E1BF83 /* Release */,
			);
			defaultConfigurationIsVisible = 0;
			defaultConfigurationName = Release;
		};
		A13A83FE265CCF7300E1BF83 /* Build configuration list for PBXNativeTarget "BlackJack" */ = {
			isa = XCConfigurationList;
			buildConfigurations = (
				A13A83FF265CCF7300E1BF83 /* Debug */,
				A13A8400265CCF7300E1BF83 /* Release */,
			);
			defaultConfigurationIsVisible = 0;
			defaultConfigurationName = Release;
		};
/* End XCConfigurationList section */
	};
	rootObject = A13A83E2265CCF7200E1BF83 /* Project object */;
}
