// !$*UTF8*$!
{
	archiveVersion = 1;
	classes = {
	};
	objectVersion = 50;
	objects = {

/* Begin PBXBuildFile section */
		A1439519267286D000DD7DB7 /* AppDelegate.swift in Sources */ = {isa = PBXBuildFile; fileRef = A1439518267286D000DD7DB7 /* AppDelegate.swift */; };
		A143951B267286D000DD7DB7 /* SceneDelegate.swift in Sources */ = {isa = PBXBuildFile; fileRef = A143951A267286D000DD7DB7 /* SceneDelegate.swift */; };
		A143951D267286D000DD7DB7 /* ViewController.swift in Sources */ = {isa = PBXBuildFile; fileRef = A143951C267286D000DD7DB7 /* ViewController.swift */; };
		A1439520267286D000DD7DB7 /* Main.storyboard in Resources */ = {isa = PBXBuildFile; fileRef = A143951E267286D000DD7DB7 /* Main.storyboard */; };
		A1439522267286D100DD7DB7 /* Assets.xcassets in Resources */ = {isa = PBXBuildFile; fileRef = A1439521267286D100DD7DB7 /* Assets.xcassets */; };
		A1439525267286D100DD7DB7 /* LaunchScreen.storyboard in Resources */ = {isa = PBXBuildFile; fileRef = A1439523267286D100DD7DB7 /* LaunchScreen.storyboard */; };
		A143952E2672871600DD7DB7 /* sounds in Resources */ = {isa = PBXBuildFile; fileRef = A143952D2672871600DD7DB7 /* sounds */; };
		A14395312672877B00DD7DB7 /* GodoriCards in Resources */ = {isa = PBXBuildFile; fileRef = A14395302672877B00DD7DB7 /* GodoriCards */; };
		A1E65974267489B500314A02 /* Player.swift in Sources */ = {isa = PBXBuildFile; fileRef = A1E65973267489B500314A02 /* Player.swift */; };
		A1E65977267489C100314A02 /* Card.swift in Sources */ = {isa = PBXBuildFile; fileRef = A1E65976267489C100314A02 /* Card.swift */; };
		A1E6597A267489CA00314A02 /* AudioController.swift in Sources */ = {isa = PBXBuildFile; fileRef = A1E65979267489CA00314A02 /* AudioController.swift */; };
		A1E6597D267489D400314A02 /* Shuffle.swift in Sources */ = {isa = PBXBuildFile; fileRef = A1E6597C267489D400314A02 /* Shuffle.swift */; };
/* End PBXBuildFile section */

/* Begin PBXFileReference section */
		A1439515267286D000DD7DB7 /* Dorigitgo Game.app */ = {isa = PBXFileReference; explicitFileType = wrapper.application; includeInIndex = 0; path = "Dorigitgo Game.app"; sourceTree = BUILT_PRODUCTS_DIR; };
		A1439518267286D000DD7DB7 /* AppDelegate.swift */ = {isa = PBXFileReference; lastKnownFileType = sourcecode.swift; path = AppDelegate.swift; sourceTree = "<group>"; };
		A143951A267286D000DD7DB7 /* SceneDelegate.swift */ = {isa = PBXFileReference; lastKnownFileType = sourcecode.swift; path = SceneDelegate.swift; sourceTree = "<group>"; };
		A143951C267286D000DD7DB7 /* ViewController.swift */ = {isa = PBXFileReference; lastKnownFileType = sourcecode.swift; path = ViewController.swift; sourceTree = "<group>"; };
		A143951F267286D000DD7DB7 /* Base */ = {isa = PBXFileReference; lastKnownFileType = file.storyboard; name = Base; path = Base.lproj/Main.storyboard; sourceTree = "<group>"; };
		A1439521267286D100DD7DB7 /* Assets.xcassets */ = {isa = PBXFileReference; lastKnownFileType = folder.assetcatalog; path = Assets.xcassets; sourceTree = "<group>"; };
		A1439524267286D100DD7DB7 /* Base */ = {isa = PBXFileReference; lastKnownFileType = file.storyboard; name = Base; path = Base.lproj/LaunchScreen.storyboard; sourceTree = "<group>"; };
		A1439526267286D100DD7DB7 /* Info.plist */ = {isa = PBXFileReference; lastKnownFileType = text.plist.xml; path = Info.plist; sourceTree = "<group>"; };
		A143952D2672871600DD7DB7 /* sounds */ = {isa = PBXFileReference; lastKnownFileType = folder; path = sounds; sourceTree = "<group>"; };
		A14395302672877B00DD7DB7 /* GodoriCards */ = {isa = PBXFileReference; lastKnownFileType = folder; path = GodoriCards; sourceTree = "<group>"; };
		A1E65973267489B500314A02 /* Player.swift */ = {isa = PBXFileReference; fileEncoding = 4; lastKnownFileType = sourcecode.swift; path = Player.swift; sourceTree = "<group>"; };
		A1E65976267489C100314A02 /* Card.swift */ = {isa = PBXFileReference; fileEncoding = 4; lastKnownFileType = sourcecode.swift; path = Card.swift; sourceTree = "<group>"; };
		A1E65979267489CA00314A02 /* AudioController.swift */ = {isa = PBXFileReference; fileEncoding = 4; lastKnownFileType = sourcecode.swift; path = AudioController.swift; sourceTree = "<group>"; };
		A1E6597C267489D400314A02 /* Shuffle.swift */ = {isa = PBXFileReference; fileEncoding = 4; lastKnownFileType = sourcecode.swift; path = Shuffle.swift; sourceTree = "<group>"; };
/* End PBXFileReference section */

/* Begin PBXFrameworksBuildPhase section */
		A1439512267286D000DD7DB7 /* Frameworks */ = {
			isa = PBXFrameworksBuildPhase;
			buildActionMask = 2147483647;
			files = (
			);
			runOnlyForDeploymentPostprocessing = 0;
		};
/* End PBXFrameworksBuildPhase section */

/* Begin PBXGroup section */
		A143950C267286D000DD7DB7 = {
			isa = PBXGroup;
			children = (
				A1439517267286D000DD7DB7 /* Dorigitgo Game */,
				A1439516267286D000DD7DB7 /* Products */,
			);
			sourceTree = "<group>";
		};
		A1439516267286D000DD7DB7 /* Products */ = {
			isa = PBXGroup;
			children = (
				A1439515267286D000DD7DB7 /* Dorigitgo Game.app */,
			);
			name = Products;
			sourceTree = "<group>";
		};
		A1439517267286D000DD7DB7 /* Dorigitgo Game */ = {
			isa = PBXGroup;
			children = (
				A14395302672877B00DD7DB7 /* GodoriCards */,
				A143952D2672871600DD7DB7 /* sounds */,
				A1439518267286D000DD7DB7 /* AppDelegate.swift */,
				A143951A267286D000DD7DB7 /* SceneDelegate.swift */,
				A1E65979267489CA00314A02 /* AudioController.swift */,
				A143951C267286D000DD7DB7 /* ViewController.swift */,
				A143951E267286D000DD7DB7 /* Main.storyboard */,
				A1439521267286D100DD7DB7 /* Assets.xcassets */,
				A1439523267286D100DD7DB7 /* LaunchScreen.storyboard */,
				A1E65973267489B500314A02 /* Player.swift */,
				A1E6597C267489D400314A02 /* Shuffle.swift */,
				A1E65976267489C100314A02 /* Card.swift */,
				A1439526267286D100DD7DB7 /* Info.plist */,
			);
			path = "Dorigitgo Game";
			sourceTree = "<group>";
		};
/* End PBXGroup section */

/* Begin PBXNativeTarget section */
		A1439514267286D000DD7DB7 /* Dorigitgo Game */ = {
			isa = PBXNativeTarget;
			buildConfigurationList = A1439529267286D100DD7DB7 /* Build configuration list for PBXNativeTarget "Dorigitgo Game" */;
			buildPhases = (
				A1439511267286D000DD7DB7 /* Sources */,
				A1439512267286D000DD7DB7 /* Frameworks */,
				A1439513267286D000DD7DB7 /* Resources */,
			);
			buildRules = (
			);
			dependencies = (
			);
			name = "Dorigitgo Game";
			productName = "Dorigitgo Game";
			productReference = A1439515267286D000DD7DB7 /* Dorigitgo Game.app */;
			productType = "com.apple.product-type.application";
		};
/* End PBXNativeTarget section */

/* Begin PBXProject section */
		A143950D267286D000DD7DB7 /* Project object */ = {
			isa = PBXProject;
			attributes = {
				LastSwiftUpdateCheck = 1240;
				LastUpgradeCheck = 1240;
				TargetAttributes = {
					A1439514267286D000DD7DB7 = {
						CreatedOnToolsVersion = 12.4;
					};
				};
			};
			buildConfigurationList = A1439510267286D000DD7DB7 /* Build configuration list for PBXProject "Dorigitgo Game" */;
			compatibilityVersion = "Xcode 9.3";
			developmentRegion = en;
			hasScannedForEncodings = 0;
			knownRegions = (
				en,
				Base,
			);
			mainGroup = A143950C267286D000DD7DB7;
			productRefGroup = A1439516267286D000DD7DB7 /* Products */;
			projectDirPath = "";
			projectRoot = "";
			targets = (
				A1439514267286D000DD7DB7 /* Dorigitgo Game */,
			);
		};
/* End PBXProject section */

/* Begin PBXResourcesBuildPhase section */
		A1439513267286D000DD7DB7 /* Resources */ = {
			isa = PBXResourcesBuildPhase;
			buildActionMask = 2147483647;
			files = (
				A14395312672877B00DD7DB7 /* GodoriCards in Resources */,
				A1439525267286D100DD7DB7 /* LaunchScreen.storyboard in Resources */,
				A1439522267286D100DD7DB7 /* Assets.xcassets in Resources */,
				A143952E2672871600DD7DB7 /* sounds in Resources */,
				A1439520267286D000DD7DB7 /* Main.storyboard in Resources */,
			);
			runOnlyForDeploymentPostprocessing = 0;
		};
/* End PBXResourcesBuildPhase section */

/* Begin PBXSourcesBuildPhase section */
		A1439511267286D000DD7DB7 /* Sources */ = {
			isa = PBXSourcesBuildPhase;
			buildActionMask = 2147483647;
			files = (
				A1E65974267489B500314A02 /* Player.swift in Sources */,
				A143951D267286D000DD7DB7 /* ViewController.swift in Sources */,
				A1E65977267489C100314A02 /* Card.swift in Sources */,
				A1439519267286D000DD7DB7 /* AppDelegate.swift in Sources */,
				A1E6597A267489CA00314A02 /* AudioController.swift in Sources */,
				A143951B267286D000DD7DB7 /* SceneDelegate.swift in Sources */,
				A1E6597D267489D400314A02 /* Shuffle.swift in Sources */,
			);
			runOnlyForDeploymentPostprocessing = 0;
		};
/* End PBXSourcesBuildPhase section */

/* Begin PBXVariantGroup section */
		A143951E267286D000DD7DB7 /* Main.storyboard */ = {
			isa = PBXVariantGroup;
			children = (
				A143951F267286D000DD7DB7 /* Base */,
			);
			name = Main.storyboard;
			sourceTree = "<group>";
		};
		A1439523267286D100DD7DB7 /* LaunchScreen.storyboard */ = {
			isa = PBXVariantGroup;
			children = (
				A1439524267286D100DD7DB7 /* Base */,
			);
			name = LaunchScreen.storyboard;
			sourceTree = "<group>";
		};
/* End PBXVariantGroup section */

/* Begin XCBuildConfiguration section */
		A1439527267286D100DD7DB7 /* Debug */ = {
			isa = XCBuildConfiguration;
			buildSettings = {
				ALWAYS_SEARCH_USER_PATHS = NO;
				CLANG_ANALYZER_NONNULL = YES;
				CLANG_ANALYZER_NUMBER_OBJECT_CONVERSION = YES_AGGRESSIVE;
				CLANG_CXX_LANGUAGE_STANDARD = "gnu++14";
				CLANG_CXX_LIBRARY = "libc++";
				CLANG_ENABLE_MODULES = YES;
				CLANG_ENABLE_OBJC_ARC = YES;
				CLANG_ENABLE_OBJC_WEAK = YES;
				CLANG_WARN_BLOCK_CAPTURE_AUTORELEASING = YES;
				CLANG_WARN_BOOL_CONVERSION = YES;
				CLANG_WARN_COMMA = YES;
				CLANG_WARN_CONSTANT_CONVERSION = YES;
				CLANG_WARN_DEPRECATED_OBJC_IMPLEMENTATIONS = YES;
				CLANG_WARN_DIRECT_OBJC_ISA_USAGE = YES_ERROR;
				CLANG_WARN_DOCUMENTATION_COMMENTS = YES;
				CLANG_WARN_EMPTY_BODY = YES;
				CLANG_WARN_ENUM_CONVERSION = YES;
				CLANG_WARN_INFINITE_RECURSION = YES;
				CLANG_WARN_INT_CONVERSION = YES;
				CLANG_WARN_NON_LITERAL_NULL_CONVERSION = YES;
				CLANG_WARN_OBJC_IMPLICIT_RETAIN_SELF = YES;
				CLANG_WARN_OBJC_LITERAL_CONVERSION = YES;
				CLANG_WARN_OBJC_ROOT_CLASS = YES_ERROR;
				CLANG_WARN_QUOTED_INCLUDE_IN_FRAMEWORK_HEADER = YES;
				CLANG_WARN_RANGE_LOOP_ANALYSIS = YES;
				CLANG_WARN_STRICT_PROTOTYPES = YES;
				CLANG_WARN_SUSPICIOUS_MOVE = YES;
				CLANG_WARN_UNGUARDED_AVAILABILITY = YES_AGGRESSIVE;
				CLANG_WARN_UNREACHABLE_CODE = YES;
				CLANG_WARN__DUPLICATE_METHOD_MATCH = YES;
				COPY_PHASE_STRIP = NO;
				DEBUG_INFORMATION_FORMAT = dwarf;
				ENABLE_STRICT_OBJC_MSGSEND = YES;
				ENABLE_TESTABILITY = YES;
				GCC_C_LANGUAGE_STANDARD = gnu11;
				GCC_DYNAMIC_NO_PIC = NO;
				GCC_NO_COMMON_BLOCKS = YES;
				GCC_OPTIMIZATION_LEVEL = 0;
				GCC_PREPROCESSOR_DEFINITIONS = (
					"DEBUG=1",
					"$(inherited)",
				);
				GCC_WARN_64_TO_32_BIT_CONVERSION = YES;
				GCC_WARN_ABOUT_RETURN_TYPE = YES_ERROR;
				GCC_WARN_UNDECLARED_SELECTOR = YES;
				GCC_WARN_UNINITIALIZED_AUTOS = YES_AGGRESSIVE;
				GCC_WARN_UNUSED_FUNCTION = YES;
				GCC_WARN_UNUSED_VARIABLE = YES;
				IPHONEOS_DEPLOYMENT_TARGET = 14.4;
				MTL_ENABLE_DEBUG_INFO = INCLUDE_SOURCE;
				MTL_FAST_MATH = YES;
				ONLY_ACTIVE_ARCH = YES;
				SDKROOT = iphoneos;
				SWIFT_ACTIVE_COMPILATION_CONDITIONS = DEBUG;
				SWIFT_OPTIMIZATION_LEVEL = "-Onone";
			};
			name = Debug;
		};
		A1439528267286D100DD7DB7 /* Release */ = {
			isa = XCBuildConfiguration;
			buildSettings = {
				ALWAYS_SEARCH_USER_PATHS = NO;
				CLANG_ANALYZER_NONNULL = YES;
				CLANG_ANALYZER_NUMBER_OBJECT_CONVERSION = YES_AGGRESSIVE;
				CLANG_CXX_LANGUAGE_STANDARD = "gnu++14";
				CLANG_CXX_LIBRARY = "libc++";
				CLANG_ENABLE_MODULES = YES;
				CLANG_ENABLE_OBJC_ARC = YES;
				CLANG_ENABLE_OBJC_WEAK = YES;
				CLANG_WARN_BLOCK_CAPTURE_AUTORELEASING = YES;
				CLANG_WARN_BOOL_CONVERSION = YES;
				CLANG_WARN_COMMA = YES;
				CLANG_WARN_CONSTANT_CONVERSION = YES;
				CLANG_WARN_DEPRECATED_OBJC_IMPLEMENTATIONS = YES;
				CLANG_WARN_DIRECT_OBJC_ISA_USAGE = YES_ERROR;
				CLANG_WARN_DOCUMENTATION_COMMENTS = YES;
				CLANG_WARN_EMPTY_BODY = YES;
				CLANG_WARN_ENUM_CONVERSION = YES;
				CLANG_WARN_INFINITE_RECURSION = YES;
				CLANG_WARN_INT_CONVERSION = YES;
				CLANG_WARN_NON_LITERAL_NULL_CONVERSION = YES;
				CLANG_WARN_OBJC_IMPLICIT_RETAIN_SELF = YES;
				CLANG_WARN_OBJC_LITERAL_CONVERSION = YES;
				CLANG_WARN_OBJC_ROOT_CLASS = YES_ERROR;
				CLANG_WARN_QUOTED_INCLUDE_IN_FRAMEWORK_HEADER = YES;
				CLANG_WARN_RANGE_LOOP_ANALYSIS = YES;
				CLANG_WARN_STRICT_PROTOTYPES = YES;
				CLANG_WARN_SUSPICIOUS_MOVE = YES;
				CLANG_WARN_UNGUARDED_AVAILABILITY = YES_AGGRESSIVE;
				CLANG_WARN_UNREACHABLE_CODE = YES;
				CLANG_WARN__DUPLICATE_METHOD_MATCH = YES;
				COPY_PHASE_STRIP = NO;
				DEBUG_INFORMATION_FORMAT = "dwarf-with-dsym";
				ENABLE_NS_ASSERTIONS = NO;
				ENABLE_STRICT_OBJC_MSGSEND = YES;
				GCC_C_LANGUAGE_STANDARD = gnu11;
				GCC_NO_COMMON_BLOCKS = YES;
				GCC_WARN_64_TO_32_BIT_CONVERSION = YES;
				GCC_WARN_ABOUT_RETURN_TYPE = YES_ERROR;
				GCC_WARN_UNDECLARED_SELECTOR = YES;
				GCC_WARN_UNINITIALIZED_AUTOS = YES_AGGRESSIVE;
				GCC_WARN_UNUSED_FUNCTION = YES;
				GCC_WARN_UNUSED_VARIABLE = YES;
				IPHONEOS_DEPLOYMENT_TARGET = 14.4;
				MTL_ENABLE_DEBUG_INFO = NO;
				MTL_FAST_MATH = YES;
				SDKROOT = iphoneos;
				SWIFT_COMPILATION_MODE = wholemodule;
				SWIFT_OPTIMIZATION_LEVEL = "-O";
				VALIDATE_PRODUCT = YES;
			};
			name = Release;
		};
		A143952A267286D100DD7DB7 /* Debug */ = {
			isa = XCBuildConfiguration;
			buildSettings = {
				ASSETCATALOG_COMPILER_APPICON_NAME = AppIcon;
				ASSETCATALOG_COMPILER_GLOBAL_ACCENT_COLOR_NAME = AccentColor;
				CODE_SIGN_STYLE = Automatic;
				DEVELOPMENT_TEAM = AVY9TR9LUC;
				INFOPLIST_FILE = "Dorigitgo Game/Info.plist";
				LD_RUNPATH_SEARCH_PATHS = (
					"$(inherited)",
					"@executable_path/Frameworks",
				);
				PRODUCT_BUNDLE_IDENTIFIER = "Joon.2021class.Dorigitgo-Game";
				PRODUCT_NAME = "$(TARGET_NAME)";
				SWIFT_VERSION = 5.0;
				TARGETED_DEVICE_FAMILY = "1,2";
			};
			name = Debug;
		};
		A143952B267286D100DD7DB7 /* Release */ = {
			isa = XCBuildConfiguration;
			buildSettings = {
				ASSETCATALOG_COMPILER_APPICON_NAME = AppIcon;
				ASSETCATALOG_COMPILER_GLOBAL_ACCENT_COLOR_NAME = AccentColor;
				CODE_SIGN_STYLE = Automatic;
				DEVELOPMENT_TEAM = AVY9TR9LUC;
				INFOPLIST_FILE = "Dorigitgo Game/Info.plist";
				LD_RUNPATH_SEARCH_PATHS = (
					"$(inherited)",
					"@executable_path/Frameworks",
				);
				PRODUCT_BUNDLE_IDENTIFIER = "Joon.2021class.Dorigitgo-Game";
				PRODUCT_NAME = "$(TARGET_NAME)";
				SWIFT_VERSION = 5.0;
				TARGETED_DEVICE_FAMILY = "1,2";
			};
			name = Release;
		};
/* End XCBuildConfiguration section */

/* Begin XCConfigurationList section */
		A1439510267286D000DD7DB7 /* Build configuration list for PBXProject "Dorigitgo Game" */ = {
			isa = XCConfigurationList;
			buildConfigurations = (
				A1439527267286D100DD7DB7 /* Debug */,
				A1439528267286D100DD7DB7 /* Release */,
			);
			defaultConfigurationIsVisible = 0;
			defaultConfigurationName = Release;
		};
		A1439529267286D100DD7DB7 /* Build configuration list for PBXNativeTarget "Dorigitgo Game" */ = {
			isa = XCConfigurationList;
			buildConfigurations = (
				A143952A267286D100DD7DB7 /* Debug */,
				A143952B267286D100DD7DB7 /* Release */,
			);
			defaultConfigurationIsVisible = 0;
			defaultConfigurationName = Release;
		};
/* End XCConfigurationList section */
	};
	rootObject = A143950D267286D000DD7DB7 /* Project object */;
}
